<?xml version="1.0" encoding="utf-8"?>
<Project ToolsVersion="17.0" xmlns="http://schemas.microsoft.com/developer/msbuild/2003">
  <ItemGroup>
    <CustomBuild Include="C:\TeamCity\work\938b0bdf6727d1ad\build\temp.win32-cpython-38\Release\CMakeFiles\b011a4be64e57558909ea892b243a052\INSTALL_force.rule">
      <Filter>CMake Rules</Filter>
    </CustomBuild>
  </ItemGroup>
  <ItemGroup>
    <Filter Include="CMake Rules">
      <UniqueIdentifier>{69348981-6E58-3365-B38D-96C5B69FB59E}</UniqueIdentifier>
    </Filter>
  </ItemGroup>
</Project>
