# generated by rye
# use `rye lock` or `rye sync` to update this lockfile
#
# last locked with the following flags:
#   pre: false
#   features: ["watch"]
#   all-features: false
#   with-sources: false
#   generate-hashes: false
#   universal: false

-e file:.
click==8.1.8
    # via obs-dev
colorama==0.4.6
    # via click
packaging==25.0
    # via obs-dev
watchdog==6.0.0
    # via obs-dev
