# generated by rye
# use `rye lock` or `rye sync` to update this lockfile
#
# last locked with the following flags:
#   pre: false
#   features: []
#   all-features: true
#   with-sources: false
#   generate-hashes: false
#   universal: false

-e file:.
annotated-types==0.7.0
    # via pydantic
certifi==2025.4.26
    # via requests
charset-normalizer==3.4.2
    # via requests
idna==3.10
    # via requests
pydantic==2.11.4
    # via estats-client
pydantic-core==2.33.2
    # via pydantic
requests==2.32.3
    # via estats-client
tenacity==9.1.2
    # via estats-client
typing-extensions==4.13.2
    # via pydantic
    # via pydantic-core
    # via typing-inspection
typing-inspection==0.4.0
    # via pydantic
urllib3==2.4.0
    # via requests
