{
    "_meta": {
        "hash": {
            "sha256": "f7d1d87590def3cd655c4f61210da461e80a5897796e13fd526482b686149986"
        },
        "pipfile-spec": 6,
        "requires": {
            "python_version": "3.13"
        },
        "sources": [
            {
                "name": "pypi",
                "url": "https://pypi.org/simple",
                "verify_ssl": true
            }
        ]
    },
    "default": {
        "dateparser": {
            "hashes": [
                "sha256:7e4919aeb48481dbfc01ac9683c8e20bfe95bb715a38c1e9f6af889f4f30ccc3",
                "sha256:bdcac262a467e6260030040748ad7c10d6bacd4f3b9cdb4cfd2251939174508c"
            ],
            "index": "pypi",
            "markers": "python_version >= '3.8'",
            "version": "==1.2.1"
        },
        "fuzzy-date": {
            "hashes": [
                "sha256:000691bb8e4d337782c92aa5c8edbc2ec0fb83020713c9270012e5c5dbf7b1ca",
                "sha256:032ad4625c5db49a437bc02aca1a0130905e56b13407a8eeaf07a473072ecbbd",
                "sha256:035044e77cb87052cd5aa4136867e82d9c29844172ef1d363e6801e0034658e9",
                "sha256:035f65ffa0fb8b6bea5e461d6ba092e277a974e80d3d556b3a08d1633184eb1f",
                "sha256:037cdef12b184eac8040e05544f15caa9728b64c4a0627f96e9e4978556e6985",
                "sha256:06ea2a1a2c3be6510de8f1dc11dfbb353f296652aefbfcd4da7f05c20b0d1d68",
                "sha256:08d6fbce57ed4b5e827522bedd969ccbccc4b3829782dc0529c1f9e0964f1272",
                "sha256:0d0304f89b7a2dc0c91094dece985b8e8f7fec6a4f5233e002336dcfa234230d",
                "sha256:0eef2d3ec1b1b40f22e213f97db6513e4982a60967e075bbc4cd23c493cfdb7d",
                "sha256:12bfd0805bb8f33c7eed4716fa2c5d39bb46fafba485565c707a0a1474f13f1d",
                "sha256:15c2293c30765382ea8c6f202198353d3afd63a524a0199bb34d276bf5c7ebe5",
                "sha256:1618cd6e9970fae94b54a01d89f6f3d64b1e3b411b39d3d827761ec52f25d95d",
                "sha256:19238b0dbc635efe74e9f02d04d98d8be0ba85bd898ad02cfcbe632e6ba7950e",
                "sha256:1ad5deadbb0a8cdae7fcd1f6b7a31c3a4b1be2b9b1c02a9c7635be9d82d1e9fe",
                "sha256:1df7be84ea8c8ae9ca176bd4bc6d9263bc6fe180d303e209c8e96aaaa3526c94",
                "sha256:1e55586a0c90360434d4e38028ed59fdaf6b99d67c3daaeba045b209f331483f",
                "sha256:2120a0bf39f38d3732db18603e101fef6a8c296acffa39ec230445941be6b204",
                "sha256:2231e4f113e9249d40d071a61699cd24b460e77764b72d08eb9617d0f04f3858",
                "sha256:284ebe7137a9100edec746740de3a4400a1409a7baa081bf19efb174421e90ff",
                "sha256:2885d477355a88062eec38ada5a78a77414f1dba071f2104c5139a3178909571",
                "sha256:2896124e263a46a4f3f09c0d4ff018086c506cd4c2537c8187dba2716e989bf3",
                "sha256:2d0b125c71fd30918dad4269215f206bd8150585183605a5a1e6e4cf7c515d75",
                "sha256:35721baffac2d1c7439be8a957adeb1f8638bc96c0d7650c0cffd077f52a8fbb",
                "sha256:359f1b4a733fb923ffac8044a3d2b3c7d71ad36922b24fba0ff02531c8fdb158",
                "sha256:36454f1304cce1e68ce1474fc47c23da8604ad40281e0c8b94bb3c0102247cb0",
                "sha256:36823927a0e78915f20a9e9f1cb6201139ddcc8267fec213beae413407bda37b",
                "sha256:3c8135ff70cbcace29ce80a5fc54a1585283940299936e2310e449f60ffc594d",
                "sha256:433c8746176e16542b7de16988283c7ed1f80ce47c676581234e308b43207095",
                "sha256:44747c07bc3dec3ee1aa7116b5cbccfbe7b986b1beceb967d8eb62118c180a11",
                "sha256:47a977201f9b51e8bb100474002a58aaf791d503850b41a5ea69770ba971bdf9",
                "sha256:48e54a3dc3d496dd02b5e699f49636529dcadcdc635e849edd921b6eca48bb36",
                "sha256:4c05165b72965e5e493930b8cbf88347259524ab8a704206e5401b97d0735b99",
                "sha256:52db7948ba131f45d04f7c4fff65445116bda17a6cb1816a75cef09951f6b1ed",
                "sha256:55492f1a6f4af1bdb69cc2b75b1bffd251543ddc32c7af7f08ac27f31bd0914c",
                "sha256:58caf5c5d7839d7b91093f1a8100ec26a2fd6c97509a9f5e2b80ab9ad485f7a2",
                "sha256:59ae5e7ff94d7618d524eedf59d43a3fd4bffff0d800ff9d8b33b4bb28fa612e",
                "sha256:59b9c338f13e1920cb770df751242ce08e4c304dd9eb4eecf6ec6f3e64f38bfa",
                "sha256:5b84ee0e82606d6de2222a8a9b446ff8e78582391cfb00c9393f4e8c43974d42",
                "sha256:5c86b178340e7b13a4db5ed1363917441259706268a8599cf8945e069c3edeef",
                "sha256:5e5c1615abd43f35e554e71d55e575d2617a85d642f9b12a6fe1cddd007a6bb8",
                "sha256:634abfdc2355ccb74b27a7c679fca085b7b404c9ed09038a4f988b28228f11e6",
                "sha256:64d39f1f8eb3e46ec0ced2536d1c939f9af3c3ff647a64564d1537be41555ee5",
                "sha256:6848f448a8a6a52bd4a16d81492724438ac1811c32170270bec1693639b463ab",
                "sha256:6e7d30c3d8267dfc5d5cd5ab4fa1d051c90257efbd76829257865c5e2918ee96",
                "sha256:733cefb62a6d3ebbad54b3d317730222e95393090968a9d36773e69aade737b8",
                "sha256:74ce184365d7f09742351417572649c874cc8cecf510e2e6e06ea4c344b1c9fb",
                "sha256:7a5d877e0706ebf14bcc6a75735a4d191224bfc0e7b35700e74e4c3e4aa68852",
                "sha256:7bd661f6f48db4e9424e28e4192ef2f8d0d4f5cdebef3d767acf6a3eabf9ff48",
                "sha256:8060044ab608282bb6ddd0dbe068c67acecbee72fa6bbfba546df390ed0ed3f3",
                "sha256:85fc83f083e3e7763dec34a13fec24f0eb80001ba5339d6b1053ff327f9dfe35",
                "sha256:86364528d34a135ec2018ab3925a878b358a22e6390f5b2e01fa4627a7b349ac",
                "sha256:89adf1f73b24118dc97113752f32fff2b980aefe50e559e2169214d0b5bea2a2",
                "sha256:8a0bd262952c5078dc73221d1676ab6168337f5956453c2a9de65a5ae4126de2",
                "sha256:8b4404d3195e542d87b6113aaf0218102d6668a95a9f79abf95bd4734888ae0f",
                "sha256:8cfd578522f369ac3143ae61cdb6d5a57f0d5ffde909ffb3c43c2ebc330bf747",
                "sha256:8eb7b788376fd5067a8a32da8717901b1300c141c832735db49df16255ddaaa0",
                "sha256:9089accd828dc56479535ffc631d08a5c9deed5427d561fd532d0febb56aefb5",
                "sha256:919802b005721fc0d9018e33d709ac41e96c81f369d7ca956f49854d1a371e94",
                "sha256:919d185af415ab326c365c88c7a3e1c651d02be0d016fde26864dce2346d497e",
                "sha256:9b6703e9cf3cd82ee6540f6236f70954b14b7cf40c0d1ee43f6f31f0edb20e70",
                "sha256:9cc1a0c1c1a51e6566e508f065962de35d86db5d6ec760a2ecf200cd00da0f4a",
                "sha256:9e76474e892e1a31aaa09cf7da452c1382c528528ba2b92976209da6e6b6c36e",
                "sha256:a0d4547cce127a47d5d69ac0c22ecb985b3c9c5d63ac6c0d88dbf0728019f8ae",
                "sha256:a5f8708e0a5d136ab24505325fc537372403b325aa50cc8703cc969f5aa06fb9",
                "sha256:aba39274b7c8be9ee02d4c8f093f081f3dd10daf433f030aaa823278c25936a2",
                "sha256:b0b440add2d696dca0c1d2367ed761c46b507e9cc363c221c9f426a841477238",
                "sha256:b22fa94f426260041f5c2bbb85a93d5deed682c3118937fd7a7569e52d8e8435",
                "sha256:b68625bbbbd6bf828559aa0a209e9014c99ea16bc501a8ea2e41188e2110ffab",
                "sha256:b7bf52488ff1633a6a021b36f535195dc6e3c579cfaca7932f011de96dd2e307",
                "sha256:b8c1b1b42e7c199a5f2bc74ff41516bd95e35d324832b68840d3857a98fd8ffc",
                "sha256:bfb8a4b20cf6cc9255b353c2fab9e39720fb5eebc3f4d012f0c5c983084e46d8",
                "sha256:c133e0e730d2203d5bb1a6a63894dc79ac2a4de97ec8ad86adcaf014e38549d8",
                "sha256:c8d22220c0d71e97426772d1bc54aa40ac1d7de8c212559666f8fa868b06fa45",
                "sha256:c923b8f61e197d9208ecd2e8f23b93109e474fb47b4e37798c18ca62712a73e5",
                "sha256:ce8ed338c6887e9aaa044e2377bf2bee6567220f200eb48ca067e3408969a137",
                "sha256:cf1f5bda6fb820063b39ae12cf9adc14e966e33d681b1048a8bea78e7dac8110",
                "sha256:d3edecc0934bb9c9eb8403d422ad33d5893966c389fb1c93e53635bce6c44404",
                "sha256:d539ef9f7bf4e1b021883b7f38d64121f3b1eebdee0a032c0dc3262109a7be57",
                "sha256:da11c5d48d23d1097309c862d0d0a3d15b45304cd6c63fea5db696d9fcfeef57",
                "sha256:df7b41bf4be2185b6473afe124ce37712127139d0d44d24a9690429d6f35d415",
                "sha256:e0bb7b33a86f1915bdf6089dc6ab10e6daf7d561f76b2e302fe5cf8763fb420f",
                "sha256:e2afe6344ca535e3ad8a06367db3b3c6f96ec7aa0c03c39c95bac780c9dbb9ac",
                "sha256:e51753040b413ac82cc55eb09b919e19b0b5a5ab77d374d37b17a8a7e03051fe",
                "sha256:e5372543fbdb0fe06337cc2716907a7f86926276bd72379ba6f12ad0057a9a8a",
                "sha256:e62df0baa26d7822e4b01c7c65afecb0f64cdc1ba54eda1d4868ed0f2da00aae",
                "sha256:e67698ee477c724caa9dfb0e9c1fef5a5507af1cc39a79b3860f44b6e68fc19e",
                "sha256:e97aacdbc73dcf96bea0a64116ea73933f3474a77405ab382438e1aa3362de8d",
                "sha256:e997eb2d135f3e72993d4693a7cbb0c4e427712690a2a5840dec675a4fd342ff",
                "sha256:ecc4a1b3a3b7570f99c057253e1a15197124d4f91644ee7244faf2b8e5125207",
                "sha256:efe452ebb35828a81a7bec4b543776228e6593175d41446025638f02ef6d3f04",
                "sha256:f1d31097ca21dcb8d50582667d60aab228ef0049cb8b9cf24ba19c442bcd4f44",
                "sha256:f444ecb61ca609e97ef24fa80bbb69307234179f97edcabbd8c5e24921626d1a",
                "sha256:fd5c05c1b62071c2fd650e50e7274c1932aa3eb7daf418dfb08039ea18e94b86"
            ],
            "index": "pypi",
            "markers": "python_version >= '3.9'",
            "version": "==0.5.4"
        },
        "polars": {
            "hashes": [
                "sha256:331e737465b8d954bec51e6906bdc6e979a6ee52f97ffe5e8d0c10794a46bfd9",
                "sha256:3c6c774aebdd5cd601839594986648789352f72b8893f4b7e34224e75b060c8d",
                "sha256:563b99a6597fe77a3c89d478e4a6fb49c063f44ef84d4adefe490e14626e2f99",
                "sha256:5ea781ca8e0a39c3b677171dbd852e5fa2d5c53417b5fbd69d711b6044a49eaa",
                "sha256:6ad64d938d60b7fda39b60892ef67bc6a9942e0c7170db593a65d019e8730b09",
                "sha256:6e7553789495081c998f5e4ad4ebc7e19e970a9cc83326d40461564e85ad226d",
                "sha256:a5a473ff44fe1b9e3e7a9013a9321efe841d858e89cf33d424e6f3fef3ea4d5e"
            ],
            "index": "pypi",
            "markers": "python_version >= '3.9'",
            "version": "==1.24.0"
        },
        "python-dateutil": {
            "hashes": [
                "sha256:37dd54208da7e1cd875388217d5e00ebd4179249f90fb72437e91a35459a0ad3",
                "sha256:a8b2bc7bffae282281c8140a97d3aa9c14da0b136dfe83f850eea9a5f7470427"
            ],
            "markers": "python_version >= '2.7' and python_version not in '3.0, 3.1, 3.2'",
            "version": "==2.9.0.post0"
        },
        "pytz": {
            "hashes": [
                "sha256:89dd22dca55b46eac6eda23b2d72721bf1bdfef212645d81513ef5d03038de57",
                "sha256:c2db42be2a2518b28e65f9207c4d05e6ff547d1efa4086469ef855e4ab70178e"
            ],
            "version": "==2025.1"
        },
        "regex": {
            "hashes": [
                "sha256:02a02d2bb04fec86ad61f3ea7f49c015a0681bf76abb9857f945d26159d2968c",
                "sha256:02e28184be537f0e75c1f9b2f8847dc51e08e6e171c6bde130b2687e0c33cf60",
                "sha256:040df6fe1a5504eb0f04f048e6d09cd7c7110fef851d7c567a6b6e09942feb7d",
                "sha256:068376da5a7e4da51968ce4c122a7cd31afaaec4fccc7856c92f63876e57b51d",
                "sha256:06eb1be98df10e81ebaded73fcd51989dcf534e3c753466e4b60c4697a003b67",
                "sha256:072623554418a9911446278f16ecb398fb3b540147a7828c06e2011fa531e773",
                "sha256:086a27a0b4ca227941700e0b31425e7a28ef1ae8e5e05a33826e17e47fbfdba0",
                "sha256:08986dce1339bc932923e7d1232ce9881499a0e02925f7402fb7c982515419ef",
                "sha256:0a86e7eeca091c09e021db8eb72d54751e527fa47b8d5787caf96d9831bd02ad",
                "sha256:0c32f75920cf99fe6b6c539c399a4a128452eaf1af27f39bce8909c9a3fd8cbe",
                "sha256:0d7f453dca13f40a02b79636a339c5b62b670141e63efd511d3f8f73fba162b3",
                "sha256:1062b39a0a2b75a9c694f7a08e7183a80c63c0d62b301418ffd9c35f55aaa114",
                "sha256:13291b39131e2d002a7940fb176e120bec5145f3aeb7621be6534e46251912c4",
                "sha256:149f5008d286636e48cd0b1dd65018548944e495b0265b45e1bffecce1ef7f39",
                "sha256:164d8b7b3b4bcb2068b97428060b2a53be050085ef94eca7f240e7947f1b080e",
                "sha256:167ed4852351d8a750da48712c3930b031f6efdaa0f22fa1933716bfcd6bf4a3",
                "sha256:1c4de13f06a0d54fa0d5ab1b7138bfa0d883220965a29616e3ea61b35d5f5fc7",
                "sha256:202eb32e89f60fc147a41e55cb086db2a3f8cb82f9a9a88440dcfc5d37faae8d",
                "sha256:220902c3c5cc6af55d4fe19ead504de80eb91f786dc102fbd74894b1551f095e",
                "sha256:2b3361af3198667e99927da8b84c1b010752fa4b1115ee30beaa332cabc3ef1a",
                "sha256:2c89a8cc122b25ce6945f0423dc1352cb9593c68abd19223eebbd4e56612c5b7",
                "sha256:2d548dafee61f06ebdb584080621f3e0c23fff312f0de1afc776e2a2ba99a74f",
                "sha256:2e34b51b650b23ed3354b5a07aab37034d9f923db2a40519139af34f485f77d0",
                "sha256:32f9a4c643baad4efa81d549c2aadefaeba12249b2adc5af541759237eee1c54",
                "sha256:3a51ccc315653ba012774efca4f23d1d2a8a8f278a6072e29c7147eee7da446b",
                "sha256:3cde6e9f2580eb1665965ce9bf17ff4952f34f5b126beb509fee8f4e994f143c",
                "sha256:40291b1b89ca6ad8d3f2b82782cc33807f1406cf68c8d440861da6304d8ffbbd",
                "sha256:41758407fc32d5c3c5de163888068cfee69cb4c2be844e7ac517a52770f9af57",
                "sha256:4181b814e56078e9b00427ca358ec44333765f5ca1b45597ec7446d3a1ef6e34",
                "sha256:4f51f88c126370dcec4908576c5a627220da6c09d0bff31cfa89f2523843316d",
                "sha256:50153825ee016b91549962f970d6a4442fa106832e14c918acd1c8e479916c4f",
                "sha256:5056b185ca113c88e18223183aa1a50e66507769c9640a6ff75859619d73957b",
                "sha256:5071b2093e793357c9d8b2929dfc13ac5f0a6c650559503bb81189d0a3814519",
                "sha256:525eab0b789891ac3be914d36893bdf972d483fe66551f79d3e27146191a37d4",
                "sha256:52fb28f528778f184f870b7cf8f225f5eef0a8f6e3778529bdd40c7b3920796a",
                "sha256:5478c6962ad548b54a591778e93cd7c456a7a29f8eca9c49e4f9a806dcc5d638",
                "sha256:5670bce7b200273eee1840ef307bfa07cda90b38ae56e9a6ebcc9f50da9c469b",
                "sha256:5704e174f8ccab2026bd2f1ab6c510345ae8eac818b613d7d73e785f1310f839",
                "sha256:59dfe1ed21aea057a65c6b586afd2a945de04fc7db3de0a6e3ed5397ad491b07",
                "sha256:5e7e351589da0850c125f1600a4c4ba3c722efefe16b297de54300f08d734fbf",
                "sha256:63b13cfd72e9601125027202cad74995ab26921d8cd935c25f09c630436348ff",
                "sha256:658f90550f38270639e83ce492f27d2c8d2cd63805c65a13a14d36ca126753f0",
                "sha256:684d7a212682996d21ca12ef3c17353c021fe9de6049e19ac8481ec35574a70f",
                "sha256:69ab78f848845569401469da20df3e081e6b5a11cb086de3eed1d48f5ed57c95",
                "sha256:6f44ec28b1f858c98d3036ad5d7d0bfc568bdd7a74f9c24e25f41ef1ebfd81a4",
                "sha256:70b7fa6606c2881c1db9479b0eaa11ed5dfa11c8d60a474ff0e095099f39d98e",
                "sha256:764e71f22ab3b305e7f4c21f1a97e1526a25ebdd22513e251cf376760213da13",
                "sha256:7ab159b063c52a0333c884e4679f8d7a85112ee3078fe3d9004b2dd875585519",
                "sha256:805e6b60c54bf766b251e94526ebad60b7de0c70f70a4e6210ee2891acb70bf2",
                "sha256:8447d2d39b5abe381419319f942de20b7ecd60ce86f16a23b0698f22e1b70008",
                "sha256:86fddba590aad9208e2fa8b43b4c098bb0ec74f15718bb6a704e3c63e2cef3e9",
                "sha256:89d75e7293d2b3e674db7d4d9b1bee7f8f3d1609428e293771d1a962617150cc",
                "sha256:93c0b12d3d3bc25af4ebbf38f9ee780a487e8bf6954c115b9f015822d3bb8e48",
                "sha256:94d87b689cdd831934fa3ce16cc15cd65748e6d689f5d2b8f4f4df2065c9fa20",
                "sha256:9714398225f299aa85267fd222f7142fcb5c769e73d7733344efc46f2ef5cf89",
                "sha256:982e6d21414e78e1f51cf595d7f321dcd14de1f2881c5dc6a6e23bbbbd68435e",
                "sha256:997d6a487ff00807ba810e0f8332c18b4eb8d29463cfb7c820dc4b6e7562d0cf",
                "sha256:a03e02f48cd1abbd9f3b7e3586d97c8f7a9721c436f51a5245b3b9483044480b",
                "sha256:a36fdf2af13c2b14738f6e973aba563623cb77d753bbbd8d414d18bfaa3105dd",
                "sha256:a6ba92c0bcdf96cbf43a12c717eae4bc98325ca3730f6b130ffa2e3c3c723d84",
                "sha256:a7c2155f790e2fb448faed6dd241386719802296ec588a8b9051c1f5c481bc29",
                "sha256:a93c194e2df18f7d264092dc8539b8ffb86b45b899ab976aa15d48214138e81b",
                "sha256:abfa5080c374a76a251ba60683242bc17eeb2c9818d0d30117b4486be10c59d3",
                "sha256:ac10f2c4184420d881a3475fb2c6f4d95d53a8d50209a2500723d831036f7c45",
                "sha256:ad182d02e40de7459b73155deb8996bbd8e96852267879396fb274e8700190e3",
                "sha256:b2837718570f95dd41675328e111345f9b7095d821bac435aac173ac80b19983",
                "sha256:b489578720afb782f6ccf2840920f3a32e31ba28a4b162e13900c3e6bd3f930e",
                "sha256:b583904576650166b3d920d2bcce13971f6f9e9a396c673187f49811b2769dc7",
                "sha256:b85c2530be953a890eaffde05485238f07029600e8f098cdf1848d414a8b45e4",
                "sha256:b97c1e0bd37c5cd7902e65f410779d39eeda155800b65fc4d04cc432efa9bc6e",
                "sha256:ba9b72e5643641b7d41fa1f6d5abda2c9a263ae835b917348fc3c928182ad467",
                "sha256:bb26437975da7dc36b7efad18aa9dd4ea569d2357ae6b783bf1118dabd9ea577",
                "sha256:bb8f74f2f10dbf13a0be8de623ba4f9491faf58c24064f32b65679b021ed0001",
                "sha256:bde01f35767c4a7899b7eb6e823b125a64de314a8ee9791367c9a34d56af18d0",
                "sha256:bec9931dfb61ddd8ef2ebc05646293812cb6b16b60cf7c9511a832b6f1854b55",
                "sha256:c36f9b6f5f8649bb251a5f3f66564438977b7ef8386a52460ae77e6070d309d9",
                "sha256:cdf58d0e516ee426a48f7b2c03a332a4114420716d55769ff7108c37a09951bf",
                "sha256:d1cee317bfc014c2419a76bcc87f071405e3966da434e03e13beb45f8aced1a6",
                "sha256:d22326fcdef5e08c154280b71163ced384b428343ae16a5ab2b3354aed12436e",
                "sha256:d3660c82f209655a06b587d55e723f0b813d3a7db2e32e5e7dc64ac2a9e86fde",
                "sha256:da8f5fc57d1933de22a9e23eec290a0d8a5927a5370d24bda9a6abe50683fe62",
                "sha256:df951c5f4a1b1910f1a99ff42c473ff60f8225baa1cdd3539fe2819d9543e9df",
                "sha256:e5364a4502efca094731680e80009632ad6624084aff9a23ce8c8c6820de3e51",
                "sha256:ea1bfda2f7162605f6e8178223576856b3d791109f15ea99a9f95c16a7636fb5",
                "sha256:f02f93b92358ee3f78660e43b4b0091229260c5d5c408d17d60bf26b6c900e86",
                "sha256:f056bf21105c2515c32372bbc057f43eb02aae2fda61052e2f7622c801f0b4e2",
                "sha256:f1ac758ef6aebfc8943560194e9fd0fa18bcb34d89fd8bd2af18183afd8da3a2",
                "sha256:f2a19f302cd1ce5dd01a9099aaa19cae6173306d1302a43b627f62e21cf18ac0",
                "sha256:f654882311409afb1d780b940234208a252322c24a93b442ca714d119e68086c",
                "sha256:f65557897fc977a44ab205ea871b690adaef6b9da6afda4790a2484b04293a5f",
                "sha256:f9d1e379028e0fc2ae3654bac3cbbef81bf3fd571272a42d56c24007979bafb6",
                "sha256:fdabbfc59f2c6edba2a6622c647b716e34e8e3867e0ab975412c5c2f79b82da2",
                "sha256:fdd6028445d2460f33136c55eeb1f601ab06d74cb3347132e1c24250187500d9",
                "sha256:ff590880083d60acc0433f9c3f713c51f7ac6ebb9adf889c79a261ecf541aa91"
            ],
            "markers": "python_version >= '3.8'",
            "version": "==2024.11.6"
        },
        "six": {
            "hashes": [
                "sha256:4721f391ed90541fddacab5acf947aa0d3dc7d27b2e1e8eda2be8970586c3274",
                "sha256:ff70335d468e7eb6ec65b95b99d3a2836546063f63acc5171de367e834932a81"
            ],
            "markers": "python_version >= '2.7' and python_version not in '3.0, 3.1, 3.2'",
            "version": "==1.17.0"
        },
        "tzlocal": {
            "hashes": [
                "sha256:2fafbfc07e9d8b49ade18f898d6bcd37ae88ce3ad6486842a2e4f03af68323d2",
                "sha256:3814135a1bb29763c6e4f08fd6e41dbb435c7a60bfbb03270211bcc537187d8c"
            ],
            "markers": "python_version >= '3.9'",
            "version": "==5.3"
        }
    },
    "develop": {}
}
