version = 1
requires-python = ">=3.12"

[[package]]
name = "fix-commbank-ofx"
version = "0.1.0"
source = { editable = "." }
dependencies = [
    { name = "ofxtools" },
]

[package.metadata]
requires-dist = [{ name = "ofxtools", specifier = ">=0.9.5" }]

[[package]]
name = "ofxtools"
version = "0.9.5"
source = { registry = "https://pypi.org/simple" }
sdist = { url = "https://files.pythonhosted.org/packages/ce/37/d224428cbb44b8d36b9458c2c9b11eb54ece95bc455ef6f7ada583809b13/ofxtools-0.9.5.tar.gz", hash = "sha256:682a516bfa5ccad0f9551c17cc2cf155422f9f5f85a341cfb4911b324de46045", size = 114090 }
